
Microsoft Visual Studio Solution File, Format Version 12.00
# Visual Studio Version 16
VisualStudioVersion = 16.0.29519.181
MinimumVisualStudioVersion = 10.0.40219.1
Project("{2150E333-8FDC-42A3-9474-1A3956D46DE8}") = "src", "src", "{5706F6F6-3E20-48F8-8C2B-B88606434664}"
EndProject
Project("{2150E333-8FDC-42A3-9474-1A3956D46DE8}") = "Solution Items", "Solution Items", "{7379E61E-31AF-4854-8112-AE6CB68E8DF8}"
	ProjectSection(SolutionItems) = preProject
		README.md = README.md
	EndProjectSection
EndProject
Project("{2150E333-8FDC-42A3-9474-1A3956D46DE8}") = "test", "test", "{84879EEF-6B1B-49FC-8D31-E6C802939C00}"
EndProject
Project("{9A19103F-16F7-4668-BE54-9A1E7A4F7556}") = "Peppy.Geteway", "src\Peppy.Geteway\Peppy.Geteway.csproj", "{1CC98DA2-7967-43B9-A542-9BB67643227A}"
EndProject
Project("{9A19103F-16F7-4668-BE54-9A1E7A4F7556}") = "Peppy.Service", "src\Peppy.Service\Peppy.Service.csproj", "{6A8C0751-9140-4FD0-8179-10281F56205D}"
EndProject
Project("{9A19103F-16F7-4668-BE54-9A1E7A4F7556}") = "Peppy.Swagger", "src\Peppy.Swagger\Peppy.Swagger.csproj", "{1FA15DF4-50B8-48CD-9A3C-D3C34745B842}"
EndProject
Project("{9A19103F-16F7-4668-BE54-9A1E7A4F7556}") = "Peppy.Router", "src\Peppy.Router\Peppy.Router.csproj", "{13BE8AFA-0B70-41DA-8D72-35A0E258D513}"
EndProject
Project("{9A19103F-16F7-4668-BE54-9A1E7A4F7556}") = "Peppy.Utils", "src\Peppy.Utils\Peppy.Utils.csproj", "{16BF73E2-28EC-45D9-B25D-32C0B5A32E8F}"
EndProject
Project("{2150E333-8FDC-42A3-9474-1A3956D46DE8}") = "core", "core", "{C597CB18-7C62-4161-89E3-072F260018C6}"
EndProject
Project("{9A19103F-16F7-4668-BE54-9A1E7A4F7556}") = "Peppy.Redis", "src\Peppy.Redis\Peppy.Redis.csproj", "{3EFC33DF-3E56-451F-AB4E-2780054E5129}"
EndProject
Project("{9A19103F-16F7-4668-BE54-9A1E7A4F7556}") = "Peppy.ServiceRegistry", "src\Peppy.ServiceRegistry\Peppy.ServiceRegistry.csproj", "{D45FD2BE-31B0-403C-9839-BFBE65119683}"
EndProject
Project("{9A19103F-16F7-4668-BE54-9A1E7A4F7556}") = "Peppy.UI", "src\Peppy.UI\Peppy.UI.csproj", "{33C942E5-1F74-46AA-8C08-FB73FDAD2C84}"
EndProject
Project("{9A19103F-16F7-4668-BE54-9A1E7A4F7556}") = "Peppy.Core", "src\Peppy.Core\Peppy.Core.csproj", "{C4AAA661-EEE8-4792-8FF5-3C77C501DFF0}"
EndProject
Project("{9A19103F-16F7-4668-BE54-9A1E7A4F7556}") = "Peppy.Client", "src\Peppy.Client\Peppy.Client.csproj", "{727751E7-A742-4BA4-A922-91A4704CE878}"
EndProject
Project("{9A19103F-16F7-4668-BE54-9A1E7A4F7556}") = "Peppy.GrpcService", "src\Peppy.GrpcService\Peppy.GrpcService.csproj", "{9BFA88A7-BDFC-472C-80D3-5EC3B770796A}"
EndProject
Project("{9A19103F-16F7-4668-BE54-9A1E7A4F7556}") = "Peppy.EventBus", "src\Peppy.EventBus\Peppy.EventBus.csproj", "{BC8500BE-6B0D-4A0C-AE6E-10CDFB8D3065}"
EndProject
Project("{9A19103F-16F7-4668-BE54-9A1E7A4F7556}") = "Sample.WebApi", "samples\Sample.WebApi\Sample.WebApi.csproj", "{57503A69-CCC2-47CD-9EA7-A8A5B85F9863}"
EndProject
Project("{2150E333-8FDC-42A3-9474-1A3956D46DE8}") = "samples", "samples", "{F20991C2-F516-4616-B4D7-5DA2A7F86091}"
EndProject
Project("{2150E333-8FDC-42A3-9474-1A3956D46DE8}") = "build", "build", "{48E7B448-31B4-4ABE-A11E-2261A0A61BA3}"
EndProject
Project("{2150E333-8FDC-42A3-9474-1A3956D46DE8}") = "cache", "cache", "{8C3582BE-ACD7-40BA-B646-17EDFE16BF48}"
EndProject
Project("{FAE04EC0-301F-11D3-BF4B-00C04F79EFBC}") = "Sample.WorkerService", "samples\Sample.WorkerService\Sample.WorkerService.csproj", "{074CD8FE-EF1C-482B-B8D6-246E86EA52F5}"
EndProject
Global
	GlobalSection(SolutionConfigurationPlatforms) = preSolution
		Debug|Any CPU = Debug|Any CPU
		Release|Any CPU = Release|Any CPU
	EndGlobalSection
	GlobalSection(ProjectConfigurationPlatforms) = postSolution
		{1CC98DA2-7967-43B9-A542-9BB67643227A}.Debug|Any CPU.ActiveCfg = Debug|Any CPU
		{1CC98DA2-7967-43B9-A542-9BB67643227A}.Debug|Any CPU.Build.0 = Debug|Any CPU
		{1CC98DA2-7967-43B9-A542-9BB67643227A}.Release|Any CPU.ActiveCfg = Release|Any CPU
		{1CC98DA2-7967-43B9-A542-9BB67643227A}.Release|Any CPU.Build.0 = Release|Any CPU
		{6A8C0751-9140-4FD0-8179-10281F56205D}.Debug|Any CPU.ActiveCfg = Debug|Any CPU
		{6A8C0751-9140-4FD0-8179-10281F56205D}.Debug|Any CPU.Build.0 = Debug|Any CPU
		{6A8C0751-9140-4FD0-8179-10281F56205D}.Release|Any CPU.ActiveCfg = Release|Any CPU
		{6A8C0751-9140-4FD0-8179-10281F56205D}.Release|Any CPU.Build.0 = Release|Any CPU
		{1FA15DF4-50B8-48CD-9A3C-D3C34745B842}.Debug|Any CPU.ActiveCfg = Debug|Any CPU
		{1FA15DF4-50B8-48CD-9A3C-D3C34745B842}.Debug|Any CPU.Build.0 = Debug|Any CPU
		{1FA15DF4-50B8-48CD-9A3C-D3C34745B842}.Release|Any CPU.ActiveCfg = Release|Any CPU
		{1FA15DF4-50B8-48CD-9A3C-D3C34745B842}.Release|Any CPU.Build.0 = Release|Any CPU
		{13BE8AFA-0B70-41DA-8D72-35A0E258D513}.Debug|Any CPU.ActiveCfg = Debug|Any CPU
		{13BE8AFA-0B70-41DA-8D72-35A0E258D513}.Debug|Any CPU.Build.0 = Debug|Any CPU
		{13BE8AFA-0B70-41DA-8D72-35A0E258D513}.Release|Any CPU.ActiveCfg = Release|Any CPU
		{13BE8AFA-0B70-41DA-8D72-35A0E258D513}.Release|Any CPU.Build.0 = Release|Any CPU
		{16BF73E2-28EC-45D9-B25D-32C0B5A32E8F}.Debug|Any CPU.ActiveCfg = Debug|Any CPU
		{16BF73E2-28EC-45D9-B25D-32C0B5A32E8F}.Debug|Any CPU.Build.0 = Debug|Any CPU
		{16BF73E2-28EC-45D9-B25D-32C0B5A32E8F}.Release|Any CPU.ActiveCfg = Release|Any CPU
		{16BF73E2-28EC-45D9-B25D-32C0B5A32E8F}.Release|Any CPU.Build.0 = Release|Any CPU
		{3EFC33DF-3E56-451F-AB4E-2780054E5129}.Debug|Any CPU.ActiveCfg = Debug|Any CPU
		{3EFC33DF-3E56-451F-AB4E-2780054E5129}.Debug|Any CPU.Build.0 = Debug|Any CPU
		{3EFC33DF-3E56-451F-AB4E-2780054E5129}.Release|Any CPU.ActiveCfg = Release|Any CPU
		{3EFC33DF-3E56-451F-AB4E-2780054E5129}.Release|Any CPU.Build.0 = Release|Any CPU
		{D45FD2BE-31B0-403C-9839-BFBE65119683}.Debug|Any CPU.ActiveCfg = Debug|Any CPU
		{D45FD2BE-31B0-403C-9839-BFBE65119683}.Debug|Any CPU.Build.0 = Debug|Any CPU
		{D45FD2BE-31B0-403C-9839-BFBE65119683}.Release|Any CPU.ActiveCfg = Release|Any CPU
		{D45FD2BE-31B0-403C-9839-BFBE65119683}.Release|Any CPU.Build.0 = Release|Any CPU
		{33C942E5-1F74-46AA-8C08-FB73FDAD2C84}.Debug|Any CPU.ActiveCfg = Debug|Any CPU
		{33C942E5-1F74-46AA-8C08-FB73FDAD2C84}.Debug|Any CPU.Build.0 = Debug|Any CPU
		{33C942E5-1F74-46AA-8C08-FB73FDAD2C84}.Release|Any CPU.ActiveCfg = Release|Any CPU
		{33C942E5-1F74-46AA-8C08-FB73FDAD2C84}.Release|Any CPU.Build.0 = Release|Any CPU
		{C4AAA661-EEE8-4792-8FF5-3C77C501DFF0}.Debug|Any CPU.ActiveCfg = Debug|Any CPU
		{C4AAA661-EEE8-4792-8FF5-3C77C501DFF0}.Debug|Any CPU.Build.0 = Debug|Any CPU
		{C4AAA661-EEE8-4792-8FF5-3C77C501DFF0}.Release|Any CPU.ActiveCfg = Release|Any CPU
		{C4AAA661-EEE8-4792-8FF5-3C77C501DFF0}.Release|Any CPU.Build.0 = Release|Any CPU
		{727751E7-A742-4BA4-A922-91A4704CE878}.Debug|Any CPU.ActiveCfg = Debug|Any CPU
		{727751E7-A742-4BA4-A922-91A4704CE878}.Debug|Any CPU.Build.0 = Debug|Any CPU
		{727751E7-A742-4BA4-A922-91A4704CE878}.Release|Any CPU.ActiveCfg = Release|Any CPU
		{727751E7-A742-4BA4-A922-91A4704CE878}.Release|Any CPU.Build.0 = Release|Any CPU
		{9BFA88A7-BDFC-472C-80D3-5EC3B770796A}.Debug|Any CPU.ActiveCfg = Debug|Any CPU
		{9BFA88A7-BDFC-472C-80D3-5EC3B770796A}.Debug|Any CPU.Build.0 = Debug|Any CPU
		{9BFA88A7-BDFC-472C-80D3-5EC3B770796A}.Release|Any CPU.ActiveCfg = Release|Any CPU
		{9BFA88A7-BDFC-472C-80D3-5EC3B770796A}.Release|Any CPU.Build.0 = Release|Any CPU
		{BC8500BE-6B0D-4A0C-AE6E-10CDFB8D3065}.Debug|Any CPU.ActiveCfg = Debug|Any CPU
		{BC8500BE-6B0D-4A0C-AE6E-10CDFB8D3065}.Debug|Any CPU.Build.0 = Debug|Any CPU
		{BC8500BE-6B0D-4A0C-AE6E-10CDFB8D3065}.Release|Any CPU.ActiveCfg = Release|Any CPU
		{BC8500BE-6B0D-4A0C-AE6E-10CDFB8D3065}.Release|Any CPU.Build.0 = Release|Any CPU
		{57503A69-CCC2-47CD-9EA7-A8A5B85F9863}.Debug|Any CPU.ActiveCfg = Debug|Any CPU
		{57503A69-CCC2-47CD-9EA7-A8A5B85F9863}.Debug|Any CPU.Build.0 = Debug|Any CPU
		{57503A69-CCC2-47CD-9EA7-A8A5B85F9863}.Release|Any CPU.ActiveCfg = Release|Any CPU
		{57503A69-CCC2-47CD-9EA7-A8A5B85F9863}.Release|Any CPU.Build.0 = Release|Any CPU
		{074CD8FE-EF1C-482B-B8D6-246E86EA52F5}.Debug|Any CPU.ActiveCfg = Debug|Any CPU
		{074CD8FE-EF1C-482B-B8D6-246E86EA52F5}.Debug|Any CPU.Build.0 = Debug|Any CPU
		{074CD8FE-EF1C-482B-B8D6-246E86EA52F5}.Release|Any CPU.ActiveCfg = Release|Any CPU
		{074CD8FE-EF1C-482B-B8D6-246E86EA52F5}.Release|Any CPU.Build.0 = Release|Any CPU
	EndGlobalSection
	GlobalSection(SolutionProperties) = preSolution
		HideSolutionNode = FALSE
	EndGlobalSection
	GlobalSection(NestedProjects) = preSolution
		{1CC98DA2-7967-43B9-A542-9BB67643227A} = {5706F6F6-3E20-48F8-8C2B-B88606434664}
		{6A8C0751-9140-4FD0-8179-10281F56205D} = {5706F6F6-3E20-48F8-8C2B-B88606434664}
		{1FA15DF4-50B8-48CD-9A3C-D3C34745B842} = {C597CB18-7C62-4161-89E3-072F260018C6}
		{13BE8AFA-0B70-41DA-8D72-35A0E258D513} = {C597CB18-7C62-4161-89E3-072F260018C6}
		{16BF73E2-28EC-45D9-B25D-32C0B5A32E8F} = {C597CB18-7C62-4161-89E3-072F260018C6}
		{C597CB18-7C62-4161-89E3-072F260018C6} = {5706F6F6-3E20-48F8-8C2B-B88606434664}
		{3EFC33DF-3E56-451F-AB4E-2780054E5129} = {8C3582BE-ACD7-40BA-B646-17EDFE16BF48}
		{D45FD2BE-31B0-403C-9839-BFBE65119683} = {C597CB18-7C62-4161-89E3-072F260018C6}
		{33C942E5-1F74-46AA-8C08-FB73FDAD2C84} = {C597CB18-7C62-4161-89E3-072F260018C6}
		{C4AAA661-EEE8-4792-8FF5-3C77C501DFF0} = {C597CB18-7C62-4161-89E3-072F260018C6}
		{727751E7-A742-4BA4-A922-91A4704CE878} = {84879EEF-6B1B-49FC-8D31-E6C802939C00}
		{9BFA88A7-BDFC-472C-80D3-5EC3B770796A} = {84879EEF-6B1B-49FC-8D31-E6C802939C00}
		{BC8500BE-6B0D-4A0C-AE6E-10CDFB8D3065} = {C597CB18-7C62-4161-89E3-072F260018C6}
		{57503A69-CCC2-47CD-9EA7-A8A5B85F9863} = {F20991C2-F516-4616-B4D7-5DA2A7F86091}
		{8C3582BE-ACD7-40BA-B646-17EDFE16BF48} = {5706F6F6-3E20-48F8-8C2B-B88606434664}
		{074CD8FE-EF1C-482B-B8D6-246E86EA52F5} = {F20991C2-F516-4616-B4D7-5DA2A7F86091}
	EndGlobalSection
	GlobalSection(ExtensibilityGlobals) = postSolution
		SolutionGuid = {6D09F190-F348-4697-B273-7B4EB91008E5}
	EndGlobalSection
EndGlobal
